
Microsoft Visual Studio Solution File, Format Version 12.00
# Visual Studio Version 16
VisualStudioVersion = 16.0.30011.22
MinimumVisualStudioVersion = 10.0.40219.1
Project("{FAE04EC0-301F-11D3-BF4B-00C04F79EFBC}") = "XFGetCameraData.Android", "XFGetCameraData\XFGetCameraData.Android\XFGetCameraData.Android.csproj", "{96E0CEBA-2EAF-4B35-9C8E-52759EF1DC0F}"
EndProject
Project("{FAE04EC0-301F-11D3-BF4B-00C04F79EFBC}") = "XFGetCameraData.iOS", "XFGetCameraData\XFGetCameraData.iOS\XFGetCameraData.iOS.csproj", "{E66B5FFF-6C13-4AD1-AA04-E64679E45405}"
EndProject
Project("{FAE04EC0-301F-11D3-BF4B-00C04F79EFBC}") = "XFGetCameraData", "XFGetCameraData\XFGetCameraData\XFGetCameraData.csproj", "{2E537EDF-B684-41B7-A60F-66CF6C3DEB20}"
EndProject
Global
	GlobalSection(SolutionConfigurationPlatforms) = preSolution
		Debug|Any CPU = Debug|Any CPU
		Debug|iPhone = Debug|iPhone
		Debug|iPhoneSimulator = Debug|iPhoneSimulator
		Release|Any CPU = Release|Any CPU
		Release|iPhone = Release|iPhone
		Release|iPhoneSimulator = Release|iPhoneSimulator
	EndGlobalSection
	GlobalSection(ProjectConfigurationPlatforms) = postSolution
		{96E0CEBA-2EAF-4B35-9C8E-52759EF1DC0F}.Debug|Any CPU.ActiveCfg = Debug|Any CPU
		{96E0CEBA-2EAF-4B35-9C8E-52759EF1DC0F}.Debug|Any CPU.Build.0 = Debug|Any CPU
		{96E0CEBA-2EAF-4B35-9C8E-52759EF1DC0F}.Debug|Any CPU.Deploy.0 = Debug|Any CPU
		{96E0CEBA-2EAF-4B35-9C8E-52759EF1DC0F}.Debug|iPhone.ActiveCfg = Debug|Any CPU
		{96E0CEBA-2EAF-4B35-9C8E-52759EF1DC0F}.Debug|iPhone.Build.0 = Debug|Any CPU
		{96E0CEBA-2EAF-4B35-9C8E-52759EF1DC0F}.Debug|iPhone.Deploy.0 = Debug|Any CPU
		{96E0CEBA-2EAF-4B35-9C8E-52759EF1DC0F}.Debug|iPhoneSimulator.ActiveCfg = Debug|Any CPU
		{96E0CEBA-2EAF-4B35-9C8E-52759EF1DC0F}.Debug|iPhoneSimulator.Build.0 = Debug|Any CPU
		{96E0CEBA-2EAF-4B35-9C8E-52759EF1DC0F}.Debug|iPhoneSimulator.Deploy.0 = Debug|Any CPU
		{96E0CEBA-2EAF-4B35-9C8E-52759EF1DC0F}.Release|Any CPU.ActiveCfg = Release|Any CPU
		{96E0CEBA-2EAF-4B35-9C8E-52759EF1DC0F}.Release|Any CPU.Build.0 = Release|Any CPU
		{96E0CEBA-2EAF-4B35-9C8E-52759EF1DC0F}.Release|Any CPU.Deploy.0 = Release|Any CPU
		{96E0CEBA-2EAF-4B35-9C8E-52759EF1DC0F}.Release|iPhone.ActiveCfg = Release|Any CPU
		{96E0CEBA-2EAF-4B35-9C8E-52759EF1DC0F}.Release|iPhone.Build.0 = Release|Any CPU
		{96E0CEBA-2EAF-4B35-9C8E-52759EF1DC0F}.Release|iPhone.Deploy.0 = Release|Any CPU
		{96E0CEBA-2EAF-4B35-9C8E-52759EF1DC0F}.Release|iPhoneSimulator.ActiveCfg = Release|Any CPU
		{96E0CEBA-2EAF-4B35-9C8E-52759EF1DC0F}.Release|iPhoneSimulator.Build.0 = Release|Any CPU
		{96E0CEBA-2EAF-4B35-9C8E-52759EF1DC0F}.Release|iPhoneSimulator.Deploy.0 = Release|Any CPU
		{E66B5FFF-6C13-4AD1-AA04-E64679E45405}.Debug|Any CPU.ActiveCfg = Debug|iPhone
		{E66B5FFF-6C13-4AD1-AA04-E64679E45405}.Debug|Any CPU.Build.0 = Debug|iPhone
		{E66B5FFF-6C13-4AD1-AA04-E64679E45405}.Debug|Any CPU.Deploy.0 = Debug|iPhone
		{E66B5FFF-6C13-4AD1-AA04-E64679E45405}.Debug|iPhone.ActiveCfg = Debug|iPhone
		{E66B5FFF-6C13-4AD1-AA04-E64679E45405}.Debug|iPhone.Build.0 = Debug|iPhone
		{E66B5FFF-6C13-4AD1-AA04-E64679E45405}.Debug|iPhone.Deploy.0 = Debug|iPhone
		{E66B5FFF-6C13-4AD1-AA04-E64679E45405}.Debug|iPhoneSimulator.ActiveCfg = Debug|iPhoneSimulator
		{E66B5FFF-6C13-4AD1-AA04-E64679E45405}.Debug|iPhoneSimulator.Build.0 = Debug|iPhoneSimulator
		{E66B5FFF-6C13-4AD1-AA04-E64679E45405}.Debug|iPhoneSimulator.Deploy.0 = Debug|iPhoneSimulator
		{E66B5FFF-6C13-4AD1-AA04-E64679E45405}.Release|Any CPU.ActiveCfg = Release|iPhone
		{E66B5FFF-6C13-4AD1-AA04-E64679E45405}.Release|Any CPU.Build.0 = Release|iPhone
		{E66B5FFF-6C13-4AD1-AA04-E64679E45405}.Release|Any CPU.Deploy.0 = Release|iPhone
		{E66B5FFF-6C13-4AD1-AA04-E64679E45405}.Release|iPhone.ActiveCfg = Release|iPhone
		{E66B5FFF-6C13-4AD1-AA04-E64679E45405}.Release|iPhone.Build.0 = Release|iPhone
		{E66B5FFF-6C13-4AD1-AA04-E64679E45405}.Release|iPhone.Deploy.0 = Release|iPhone
		{E66B5FFF-6C13-4AD1-AA04-E64679E45405}.Release|iPhoneSimulator.ActiveCfg = Release|iPhoneSimulator
		{E66B5FFF-6C13-4AD1-AA04-E64679E45405}.Release|iPhoneSimulator.Build.0 = Release|iPhoneSimulator
		{E66B5FFF-6C13-4AD1-AA04-E64679E45405}.Release|iPhoneSimulator.Deploy.0 = Release|iPhoneSimulator
		{2E537EDF-B684-41B7-A60F-66CF6C3DEB20}.Debug|Any CPU.ActiveCfg = Debug|Any CPU
		{2E537EDF-B684-41B7-A60F-66CF6C3DEB20}.Debug|Any CPU.Build.0 = Debug|Any CPU
		{2E537EDF-B684-41B7-A60F-66CF6C3DEB20}.Debug|Any CPU.Deploy.0 = Debug|Any CPU
		{2E537EDF-B684-41B7-A60F-66CF6C3DEB20}.Debug|iPhone.ActiveCfg = Debug|Any CPU
		{2E537EDF-B684-41B7-A60F-66CF6C3DEB20}.Debug|iPhone.Build.0 = Debug|Any CPU
		{2E537EDF-B684-41B7-A60F-66CF6C3DEB20}.Debug|iPhone.Deploy.0 = Debug|Any CPU
		{2E537EDF-B684-41B7-A60F-66CF6C3DEB20}.Debug|iPhoneSimulator.ActiveCfg = Debug|Any CPU
		{2E537EDF-B684-41B7-A60F-66CF6C3DEB20}.Debug|iPhoneSimulator.Build.0 = Debug|Any CPU
		{2E537EDF-B684-41B7-A60F-66CF6C3DEB20}.Debug|iPhoneSimulator.Deploy.0 = Debug|Any CPU
		{2E537EDF-B684-41B7-A60F-66CF6C3DEB20}.Release|Any CPU.ActiveCfg = Release|Any CPU
		{2E537EDF-B684-41B7-A60F-66CF6C3DEB20}.Release|Any CPU.Build.0 = Release|Any CPU
		{2E537EDF-B684-41B7-A60F-66CF6C3DEB20}.Release|Any CPU.Deploy.0 = Release|Any CPU
		{2E537EDF-B684-41B7-A60F-66CF6C3DEB20}.Release|iPhone.ActiveCfg = Release|Any CPU
		{2E537EDF-B684-41B7-A60F-66CF6C3DEB20}.Release|iPhone.Build.0 = Release|Any CPU
		{2E537EDF-B684-41B7-A60F-66CF6C3DEB20}.Release|iPhone.Deploy.0 = Release|Any CPU
		{2E537EDF-B684-41B7-A60F-66CF6C3DEB20}.Release|iPhoneSimulator.ActiveCfg = Release|Any CPU
		{2E537EDF-B684-41B7-A60F-66CF6C3DEB20}.Release|iPhoneSimulator.Build.0 = Release|Any CPU
		{2E537EDF-B684-41B7-A60F-66CF6C3DEB20}.Release|iPhoneSimulator.Deploy.0 = Release|Any CPU
	EndGlobalSection
	GlobalSection(SolutionProperties) = preSolution
		HideSolutionNode = FALSE
	EndGlobalSection
	GlobalSection(ExtensibilityGlobals) = postSolution
		SolutionGuid = {6C45630E-3288-4EBB-84E7-DCBD4505A7D0}
	EndGlobalSection
EndGlobal
